
Microsoft Visual Studio Solution File, Format Version 12.00
# Visual Studio Version 16
VisualStudioVersion = 16.0.31112.23
MinimumVisualStudioVersion = 10.0.40219.1
Project("{FAE04EC0-301F-11D3-BF4B-00C04F79EFBC}") = "15_passwordValidation", "15_passwordValidation.csproj", "{F88FDAAE-73E3-49E4-9DFC-DF54B70A041E}"
EndProject
Global
	GlobalSection(SolutionConfigurationPlatforms) = preSolution
		Debug|Any CPU = Debug|Any CPU
		Release|Any CPU = Release|Any CPU
	EndGlobalSection
	GlobalSection(ProjectConfigurationPlatforms) = postSolution
		{F88FDAAE-73E3-49E4-9DFC-DF54B70A041E}.Debug|Any CPU.ActiveCfg = Debug|Any CPU
		{F88FDAAE-73E3-49E4-9DFC-DF54B70A041E}.Debug|Any CPU.Build.0 = Debug|Any CPU
		{F88FDAAE-73E3-49E4-9DFC-DF54B70A041E}.Release|Any CPU.ActiveCfg = Release|Any CPU
		{F88FDAAE-73E3-49E4-9DFC-DF54B70A041E}.Release|Any CPU.Build.0 = Release|Any CPU
	EndGlobalSection
	GlobalSection(SolutionProperties) = preSolution
		HideSolutionNode = FALSE
	EndGlobalSection
	GlobalSection(ExtensibilityGlobals) = postSolution
		SolutionGuid = {A7016BDA-4189-4703-9C27-29F244A7A7C2}
	EndGlobalSection
EndGlobal
